// !$*UTF8*$!
{
	archiveVersion = 1;
	classes = {
	};
	objectVersion = 50;
	objects = {

/* Begin PBXBuildFile section */
		7D63635126F0D3E4006F4CC4 /* Book.swift in Sources */ = {isa = PBXBuildFile; fileRef = 7D63635026F0D3E4006F4CC4 /* Book.swift */; };
		7D63635426F0D592006F4CC4 /* BookViews.swift in Sources */ = {isa = PBXBuildFile; fileRef = 7D63635326F0D592006F4CC4 /* BookViews.swift */; };
		7D9C09AE26EF8B7A008914AD /* ReadMe_swiftApp.swift in Sources */ = {isa = PBXBuildFile; fileRef = 7D9C09AD26EF8B7A008914AD /* ReadMe_swiftApp.swift */; };
		7D9C09B026EF8B7A008914AD /* ContentView.swift in Sources */ = {isa = PBXBuildFile; fileRef = 7D9C09AF26EF8B7A008914AD /* ContentView.swift */; };
		7D9C09B226EF8B7B008914AD /* Assets.xcassets in Resources */ = {isa = PBXBuildFile; fileRef = 7D9C09B126EF8B7B008914AD /* Assets.xcassets */; };
		7D9C09B526EF8B7B008914AD /* Preview Assets.xcassets in Resources */ = {isa = PBXBuildFile; fileRef = 7D9C09B426EF8B7B008914AD /* Preview Assets.xcassets */; };
/* End PBXBuildFile section */

/* Begin PBXFileReference section */
		7D63635026F0D3E4006F4CC4 /* Book.swift */ = {isa = PBXFileReference; lastKnownFileType = sourcecode.swift; path = Book.swift; sourceTree = "<group>"; };
		7D63635326F0D592006F4CC4 /* BookViews.swift */ = {isa = PBXFileReference; lastKnownFileType = sourcecode.swift; path = BookViews.swift; sourceTree = "<group>"; };
		7D9C09AA26EF8B7A008914AD /* ReadMe.swift.app */ = {isa = PBXFileReference; explicitFileType = wrapper.application; includeInIndex = 0; path = ReadMe.swift.app; sourceTree = BUILT_PRODUCTS_DIR; };
		7D9C09AD26EF8B7A008914AD /* ReadMe_swiftApp.swift */ = {isa = PBXFileReference; lastKnownFileType = sourcecode.swift; path = ReadMe_swiftApp.swift; sourceTree = "<group>"; };
		7D9C09AF26EF8B7A008914AD /* ContentView.swift */ = {isa = PBXFileReference; lastKnownFileType = sourcecode.swift; path = ContentView.swift; sourceTree = "<group>"; };
		7D9C09B126EF8B7B008914AD /* Assets.xcassets */ = {isa = PBXFileReference; lastKnownFileType = folder.assetcatalog; path = Assets.xcassets; sourceTree = "<group>"; };
		7D9C09B426EF8B7B008914AD /* Preview Assets.xcassets */ = {isa = PBXFileReference; lastKnownFileType = folder.assetcatalog; path = "Preview Assets.xcassets"; sourceTree = "<group>"; };
		7D9C09B626EF8B7B008914AD /* Info.plist */ = {isa = PBXFileReference; lastKnownFileType = text.plist.xml; path = Info.plist; sourceTree = "<group>"; };
/* End PBXFileReference section */

/* Begin PBXFrameworksBuildPhase section */
		7D9C09A726EF8B7A008914AD /* Frameworks */ = {
			isa = PBXFrameworksBuildPhase;
			buildActionMask = 2147483647;
			files = (
			);
			runOnlyForDeploymentPostprocessing = 0;
		};
/* End PBXFrameworksBuildPhase section */

/* Begin PBXGroup section */
		7D63635226F0D51E006F4CC4 /* Views */ = {
			isa = PBXGroup;
			children = (
				7D9C09AF26EF8B7A008914AD /* ContentView.swift */,
				7D63635326F0D592006F4CC4 /* BookViews.swift */,
			);
			path = Views;
			sourceTree = "<group>";
		};
		7D9C09A126EF8B7A008914AD = {
			isa = PBXGroup;
			children = (
				7D9C09AC26EF8B7A008914AD /* ReadMe.swift */,
				7D9C09AB26EF8B7A008914AD /* Products */,
			);
			sourceTree = "<group>";
		};
		7D9C09AB26EF8B7A008914AD /* Products */ = {
			isa = PBXGroup;
			children = (
				7D9C09AA26EF8B7A008914AD /* ReadMe.swift.app */,
			);
			name = Products;
			sourceTree = "<group>";
		};
		7D9C09AC26EF8B7A008914AD /* ReadMe.swift */ = {
			isa = PBXGroup;
			children = (
				7D9C09AD26EF8B7A008914AD /* ReadMe_swiftApp.swift */,
				7D63635226F0D51E006F4CC4 /* Views */,
				7D9C09B126EF8B7B008914AD /* Assets.xcassets */,
				7D9C09B626EF8B7B008914AD /* Info.plist */,
				7D9C09B326EF8B7B008914AD /* Preview Content */,
				7D63635026F0D3E4006F4CC4 /* Book.swift */,
			);
			path = ReadMe.swift;
			sourceTree = "<group>";
		};
		7D9C09B326EF8B7B008914AD /* Preview Content */ = {
			isa = PBXGroup;
			children = (
				7D9C09B426EF8B7B008914AD /* Preview Assets.xcassets */,
			);
			path = "Preview Content";
			sourceTree = "<group>";
		};
/* End PBXGroup section */

/* Begin PBXNativeTarget section */
		7D9C09A926EF8B7A008914AD /* ReadMe.swift */ = {
			isa = PBXNativeTarget;
			buildConfigurationList = 7D9C09B926EF8B7B008914AD /* Build configuration list for PBXNativeTarget "ReadMe.swift" */;
			buildPhases = (
				7D9C09A626EF8B7A008914AD /* Sources */,
				7D9C09A726EF8B7A008914AD /* Frameworks */,
				7D9C09A826EF8B7A008914AD /* Resources */,
			);
			buildRules = (
			);
			dependencies = (
			);
			name = ReadMe.swift;
			productName = ReadMe.swift;
			productReference = 7D9C09AA26EF8B7A008914AD /* ReadMe.swift.app */;
			productType = "com.apple.product-type.application";
		};
/* End PBXNativeTarget section */

/* Begin PBXProject section */
		7D9C09A226EF8B7A008914AD /* Project object */ = {
			isa = PBXProject;
			attributes = {
				LastSwiftUpdateCheck = 1250;
				LastUpgradeCheck = 1250;
				TargetAttributes = {
					7D9C09A926EF8B7A008914AD = {
						CreatedOnToolsVersion = 12.5.1;
					};
				};
			};
			buildConfigurationList = 7D9C09A526EF8B7A008914AD /* Build configuration list for PBXProject "ReadMe.swift" */;
			compatibilityVersion = "Xcode 9.3";
			developmentRegion = en;
			hasScannedForEncodings = 0;
			knownRegions = (
				en,
				Base,
			);
			mainGroup = 7D9C09A126EF8B7A008914AD;
			productRefGroup = 7D9C09AB26EF8B7A008914AD /* Products */;
			projectDirPath = "";
			projectRoot = "";
			targets = (
				7D9C09A926EF8B7A008914AD /* ReadMe.swift */,
			);
		};
/* End PBXProject section */

/* Begin PBXResourcesBuildPhase section */
		7D9C09A826EF8B7A008914AD /* Resources */ = {
			isa = PBXResourcesBuildPhase;
			buildActionMask = 2147483647;
			files = (
				7D9C09B526EF8B7B008914AD /* Preview Assets.xcassets in Resources */,
				7D9C09B226EF8B7B008914AD /* Assets.xcassets in Resources */,
			);
			runOnlyForDeploymentPostprocessing = 0;
		};
/* End PBXResourcesBuildPhase section */

/* Begin PBXSourcesBuildPhase section */
		7D9C09A626EF8B7A008914AD /* Sources */ = {
			isa = PBXSourcesBuildPhase;
			buildActionMask = 2147483647;
			files = (
				7D9C09B026EF8B7A008914AD /* ContentView.swift in Sources */,
				7D9C09AE26EF8B7A008914AD /* ReadMe_swiftApp.swift in Sources */,
				7D63635126F0D3E4006F4CC4 /* Book.swift in Sources */,
				7D63635426F0D592006F4CC4 /* BookViews.swift in Sources */,
			);
			runOnlyForDeploymentPostprocessing = 0;
		};
/* End PBXSourcesBuildPhase section */

/* Begin XCBuildConfiguration section */
		7D9C09B726EF8B7B008914AD /* Debug */ = {
			isa = XCBuildConfiguration;
			buildSettings = {
				ALWAYS_SEARCH_USER_PATHS = NO;
				CLANG_ANALYZER_NONNULL = YES;
				CLANG_ANALYZER_NUMBER_OBJECT_CONVERSION = YES_AGGRESSIVE;
				CLANG_CXX_LANGUAGE_STANDARD = "gnu++14";
				CLANG_CXX_LIBRARY = "libc++";
				CLANG_ENABLE_MODULES = YES;
				CLANG_ENABLE_OBJC_ARC = YES;
				CLANG_ENABLE_OBJC_WEAK = YES;
				CLANG_WARN_BLOCK_CAPTURE_AUTORELEASING = YES;
				CLANG_WARN_BOOL_CONVERSION = YES;
				CLANG_WARN_COMMA = YES;
				CLANG_WARN_CONSTANT_CONVERSION = YES;
				CLANG_WARN_DEPRECATED_OBJC_IMPLEMENTATIONS = YES;
				CLANG_WARN_DIRECT_OBJC_ISA_USAGE = YES_ERROR;
				CLANG_WARN_DOCUMENTATION_COMMENTS = YES;
				CLANG_WARN_EMPTY_BODY = YES;
				CLANG_WARN_ENUM_CONVERSION = YES;
				CLANG_WARN_INFINITE_RECURSION = YES;
				CLANG_WARN_INT_CONVERSION = YES;
				CLANG_WARN_NON_LITERAL_NULL_CONVERSION = YES;
				CLANG_WARN_OBJC_IMPLICIT_RETAIN_SELF = YES;
				CLANG_WARN_OBJC_LITERAL_CONVERSION = YES;
				CLANG_WARN_OBJC_ROOT_CLASS = YES_ERROR;
				CLANG_WARN_QUOTED_INCLUDE_IN_FRAMEWORK_HEADER = YES;
				CLANG_WARN_RANGE_LOOP_ANALYSIS = YES;
				CLANG_WARN_STRICT_PROTOTYPES = YES;
				CLANG_WARN_SUSPICIOUS_MOVE = YES;
				CLANG_WARN_UNGUARDED_AVAILABILITY = YES_AGGRESSIVE;
				CLANG_WARN_UNREACHABLE_CODE = YES;
				CLANG_WARN__DUPLICATE_METHOD_MATCH = YES;
				COPY_PHASE_STRIP = NO;
				DEBUG_INFORMATION_FORMAT = dwarf;
				ENABLE_STRICT_OBJC_MSGSEND = YES;
				ENABLE_TESTABILITY = YES;
				GCC_C_LANGUAGE_STANDARD = gnu11;
				GCC_DYNAMIC_NO_PIC = NO;
				GCC_NO_COMMON_BLOCKS = YES;
				GCC_OPTIMIZATION_LEVEL = 0;
				GCC_PREPROCESSOR_DEFINITIONS = (
					"DEBUG=1",
					"$(inherited)",
				);
				GCC_WARN_64_TO_32_BIT_CONVERSION = YES;
				GCC_WARN_ABOUT_RETURN_TYPE = YES_ERROR;
				GCC_WARN_UNDECLARED_SELECTOR = YES;
				GCC_WARN_UNINITIALIZED_AUTOS = YES_AGGRESSIVE;
				GCC_WARN_UNUSED_FUNCTION = YES;
				GCC_WARN_UNUSED_VARIABLE = YES;
				IPHONEOS_DEPLOYMENT_TARGET = 14.5;
				MTL_ENABLE_DEBUG_INFO = INCLUDE_SOURCE;
				MTL_FAST_MATH = YES;
				ONLY_ACTIVE_ARCH = YES;
				SDKROOT = iphoneos;
				SWIFT_ACTIVE_COMPILATION_CONDITIONS = DEBUG;
				SWIFT_OPTIMIZATION_LEVEL = "-Onone";
			};
			name = Debug;
		};
		7D9C09B826EF8B7B008914AD /* Release */ = {
			isa = XCBuildConfiguration;
			buildSettings = {
				ALWAYS_SEARCH_USER_PATHS = NO;
				CLANG_ANALYZER_NONNULL = YES;
				CLANG_ANALYZER_NUMBER_OBJECT_CONVERSION = YES_AGGRESSIVE;
				CLANG_CXX_LANGUAGE_STANDARD = "gnu++14";
				CLANG_CXX_LIBRARY = "libc++";
				CLANG_ENABLE_MODULES = YES;
				CLANG_ENABLE_OBJC_ARC = YES;
				CLANG_ENABLE_OBJC_WEAK = YES;
				CLANG_WARN_BLOCK_CAPTURE_AUTORELEASING = YES;
				CLANG_WARN_BOOL_CONVERSION = YES;
				CLANG_WARN_COMMA = YES;
				CLANG_WARN_CONSTANT_CONVERSION = YES;
				CLANG_WARN_DEPRECATED_OBJC_IMPLEMENTATIONS = YES;
				CLANG_WARN_DIRECT_OBJC_ISA_USAGE = YES_ERROR;
				CLANG_WARN_DOCUMENTATION_COMMENTS = YES;
				CLANG_WARN_EMPTY_BODY = YES;
				CLANG_WARN_ENUM_CONVERSION = YES;
				CLANG_WARN_INFINITE_RECURSION = YES;
				CLANG_WARN_INT_CONVERSION = YES;
				CLANG_WARN_NON_LITERAL_NULL_CONVERSION = YES;
				CLANG_WARN_OBJC_IMPLICIT_RETAIN_SELF = YES;
				CLANG_WARN_OBJC_LITERAL_CONVERSION = YES;
				CLANG_WARN_OBJC_ROOT_CLASS = YES_ERROR;
				CLANG_WARN_QUOTED_INCLUDE_IN_FRAMEWORK_HEADER = YES;
				CLANG_WARN_RANGE_LOOP_ANALYSIS = YES;
				CLANG_WARN_STRICT_PROTOTYPES = YES;
				CLANG_WARN_SUSPICIOUS_MOVE = YES;
				CLANG_WARN_UNGUARDED_AVAILABILITY = YES_AGGRESSIVE;
				CLANG_WARN_UNREACHABLE_CODE = YES;
				CLANG_WARN__DUPLICATE_METHOD_MATCH = YES;
				COPY_PHASE_STRIP = NO;
				DEBUG_INFORMATION_FORMAT = "dwarf-with-dsym";
				ENABLE_NS_ASSERTIONS = NO;
				ENABLE_STRICT_OBJC_MSGSEND = YES;
				GCC_C_LANGUAGE_STANDARD = gnu11;
				GCC_NO_COMMON_BLOCKS = YES;
				GCC_WARN_64_TO_32_BIT_CONVERSION = YES;
				GCC_WARN_ABOUT_RETURN_TYPE = YES_ERROR;
				GCC_WARN_UNDECLARED_SELECTOR = YES;
				GCC_WARN_UNINITIALIZED_AUTOS = YES_AGGRESSIVE;
				GCC_WARN_UNUSED_FUNCTION = YES;
				GCC_WARN_UNUSED_VARIABLE = YES;
				IPHONEOS_DEPLOYMENT_TARGET = 14.5;
				MTL_ENABLE_DEBUG_INFO = NO;
				MTL_FAST_MATH = YES;
				SDKROOT = iphoneos;
				SWIFT_COMPILATION_MODE = wholemodule;
				SWIFT_OPTIMIZATION_LEVEL = "-O";
				VALIDATE_PRODUCT = YES;
			};
			name = Release;
		};
		7D9C09BA26EF8B7B008914AD /* Debug */ = {
			isa = XCBuildConfiguration;
			buildSettings = {
				ASSETCATALOG_COMPILER_APPICON_NAME = AppIcon;
				ASSETCATALOG_COMPILER_GLOBAL_ACCENT_COLOR_NAME = AccentColor;
				CODE_SIGN_STYLE = Automatic;
				DEVELOPMENT_ASSET_PATHS = "\"ReadMe.swift/Preview Content\"";
				DEVELOPMENT_TEAM = SPCK3GZ5D7;
				ENABLE_PREVIEWS = YES;
				INFOPLIST_FILE = ReadMe.swift/Info.plist;
				IPHONEOS_DEPLOYMENT_TARGET = 14.0;
				LD_RUNPATH_SEARCH_PATHS = (
					"$(inherited)",
					"@executable_path/Frameworks",
				);
				PRODUCT_BUNDLE_IDENTIFIER = "swift.ReadMe-swift";
				PRODUCT_NAME = "$(TARGET_NAME)";
				SWIFT_VERSION = 5.0;
				TARGETED_DEVICE_FAMILY = "1,2";
			};
			name = Debug;
		};
		7D9C09BB26EF8B7B008914AD /* Release */ = {
			isa = XCBuildConfiguration;
			buildSettings = {
				ASSETCATALOG_COMPILER_APPICON_NAME = AppIcon;
				ASSETCATALOG_COMPILER_GLOBAL_ACCENT_COLOR_NAME = AccentColor;
				CODE_SIGN_STYLE = Automatic;
				DEVELOPMENT_ASSET_PATHS = "\"ReadMe.swift/Preview Content\"";
				DEVELOPMENT_TEAM = SPCK3GZ5D7;
				ENABLE_PREVIEWS = YES;
				INFOPLIST_FILE = ReadMe.swift/Info.plist;
				IPHONEOS_DEPLOYMENT_TARGET = 14.0;
				LD_RUNPATH_SEARCH_PATHS = (
					"$(inherited)",
					"@executable_path/Frameworks",
				);
				PRODUCT_BUNDLE_IDENTIFIER = "swift.ReadMe-swift";
				PRODUCT_NAME = "$(TARGET_NAME)";
				SWIFT_VERSION = 5.0;
				TARGETED_DEVICE_FAMILY = "1,2";
			};
			name = Release;
		};
/* End XCBuildConfiguration section */

/* Begin XCConfigurationList section */
		7D9C09A526EF8B7A008914AD /* Build configuration list for PBXProject "ReadMe.swift" */ = {
			isa = XCConfigurationList;
			buildConfigurations = (
				7D9C09B726EF8B7B008914AD /* Debug */,
				7D9C09B826EF8B7B008914AD /* Release */,
			);
			defaultConfigurationIsVisible = 0;
			defaultConfigurationName = Release;
		};
		7D9C09B926EF8B7B008914AD /* Build configuration list for PBXNativeTarget "ReadMe.swift" */ = {
			isa = XCConfigurationList;
			buildConfigurations = (
				7D9C09BA26EF8B7B008914AD /* Debug */,
				7D9C09BB26EF8B7B008914AD /* Release */,
			);
			defaultConfigurationIsVisible = 0;
			defaultConfigurationName = Release;
		};
/* End XCConfigurationList section */
	};
	rootObject = 7D9C09A226EF8B7A008914AD /* Project object */;
}
