// !$*UTF8*$!
{
	archiveVersion = 1;
	classes = {
	};
	objectVersion = 50;
	objects = {

/* Begin PBXBuildFile section */
		7D2BCBB926D52FC00018D590 /* StacksApp.swift in Sources */ = {isa = PBXBuildFile; fileRef = 7D2BCBB826D52FC00018D590 /* StacksApp.swift */; };
		7D2BCBBB26D52FC00018D590 /* ContentView.swift in Sources */ = {isa = PBXBuildFile; fileRef = 7D2BCBBA26D52FC00018D590 /* ContentView.swift */; };
		7D2BCBBD26D52FC10018D590 /* Assets.xcassets in Resources */ = {isa = PBXBuildFile; fileRef = 7D2BCBBC26D52FC10018D590 /* Assets.xcassets */; };
		7D2BCBC026D52FC10018D590 /* Preview Assets.xcassets in Resources */ = {isa = PBXBuildFile; fileRef = 7D2BCBBF26D52FC10018D590 /* Preview Assets.xcassets */; };
		7D2BCBCB26D52FC10018D590 /* StacksTests.swift in Sources */ = {isa = PBXBuildFile; fileRef = 7D2BCBCA26D52FC10018D590 /* StacksTests.swift */; };
		7D2BCBD626D52FC10018D590 /* StacksUITests.swift in Sources */ = {isa = PBXBuildFile; fileRef = 7D2BCBD526D52FC10018D590 /* StacksUITests.swift */; };
		7D2BCBE426D547770018D590 /* SwiftUIView.swift in Sources */ = {isa = PBXBuildFile; fileRef = 7D2BCBE326D547770018D590 /* SwiftUIView.swift */; };
/* End PBXBuildFile section */

/* Begin PBXContainerItemProxy section */
		7D2BCBC726D52FC10018D590 /* PBXContainerItemProxy */ = {
			isa = PBXContainerItemProxy;
			containerPortal = 7D2BCBAD26D52FC00018D590 /* Project object */;
			proxyType = 1;
			remoteGlobalIDString = 7D2BCBB426D52FC00018D590;
			remoteInfo = Stacks;
		};
		7D2BCBD226D52FC10018D590 /* PBXContainerItemProxy */ = {
			isa = PBXContainerItemProxy;
			containerPortal = 7D2BCBAD26D52FC00018D590 /* Project object */;
			proxyType = 1;
			remoteGlobalIDString = 7D2BCBB426D52FC00018D590;
			remoteInfo = Stacks;
		};
/* End PBXContainerItemProxy section */

/* Begin PBXFileReference section */
		7D2BCBB526D52FC00018D590 /* Stacks.app */ = {isa = PBXFileReference; explicitFileType = wrapper.application; includeInIndex = 0; path = Stacks.app; sourceTree = BUILT_PRODUCTS_DIR; };
		7D2BCBB826D52FC00018D590 /* StacksApp.swift */ = {isa = PBXFileReference; lastKnownFileType = sourcecode.swift; path = StacksApp.swift; sourceTree = "<group>"; };
		7D2BCBBA26D52FC00018D590 /* ContentView.swift */ = {isa = PBXFileReference; lastKnownFileType = sourcecode.swift; path = ContentView.swift; sourceTree = "<group>"; };
		7D2BCBBC26D52FC10018D590 /* Assets.xcassets */ = {isa = PBXFileReference; lastKnownFileType = folder.assetcatalog; path = Assets.xcassets; sourceTree = "<group>"; };
		7D2BCBBF26D52FC10018D590 /* Preview Assets.xcassets */ = {isa = PBXFileReference; lastKnownFileType = folder.assetcatalog; path = "Preview Assets.xcassets"; sourceTree = "<group>"; };
		7D2BCBC126D52FC10018D590 /* Info.plist */ = {isa = PBXFileReference; lastKnownFileType = text.plist.xml; path = Info.plist; sourceTree = "<group>"; };
		7D2BCBC626D52FC10018D590 /* StacksTests.xctest */ = {isa = PBXFileReference; explicitFileType = wrapper.cfbundle; includeInIndex = 0; path = StacksTests.xctest; sourceTree = BUILT_PRODUCTS_DIR; };
		7D2BCBCA26D52FC10018D590 /* StacksTests.swift */ = {isa = PBXFileReference; lastKnownFileType = sourcecode.swift; path = StacksTests.swift; sourceTree = "<group>"; };
		7D2BCBCC26D52FC10018D590 /* Info.plist */ = {isa = PBXFileReference; lastKnownFileType = text.plist.xml; path = Info.plist; sourceTree = "<group>"; };
		7D2BCBD126D52FC10018D590 /* StacksUITests.xctest */ = {isa = PBXFileReference; explicitFileType = wrapper.cfbundle; includeInIndex = 0; path = StacksUITests.xctest; sourceTree = BUILT_PRODUCTS_DIR; };
		7D2BCBD526D52FC10018D590 /* StacksUITests.swift */ = {isa = PBXFileReference; lastKnownFileType = sourcecode.swift; path = StacksUITests.swift; sourceTree = "<group>"; };
		7D2BCBD726D52FC10018D590 /* Info.plist */ = {isa = PBXFileReference; lastKnownFileType = text.plist.xml; path = Info.plist; sourceTree = "<group>"; };
		7D2BCBE326D547770018D590 /* SwiftUIView.swift */ = {isa = PBXFileReference; lastKnownFileType = sourcecode.swift; path = SwiftUIView.swift; sourceTree = "<group>"; };
/* End PBXFileReference section */

/* Begin PBXFrameworksBuildPhase section */
		7D2BCBB226D52FC00018D590 /* Frameworks */ = {
			isa = PBXFrameworksBuildPhase;
			buildActionMask = 2147483647;
			files = (
			);
			runOnlyForDeploymentPostprocessing = 0;
		};
		7D2BCBC326D52FC10018D590 /* Frameworks */ = {
			isa = PBXFrameworksBuildPhase;
			buildActionMask = 2147483647;
			files = (
			);
			runOnlyForDeploymentPostprocessing = 0;
		};
		7D2BCBCE26D52FC10018D590 /* Frameworks */ = {
			isa = PBXFrameworksBuildPhase;
			buildActionMask = 2147483647;
			files = (
			);
			runOnlyForDeploymentPostprocessing = 0;
		};
/* End PBXFrameworksBuildPhase section */

/* Begin PBXGroup section */
		7D2BCBAC26D52FC00018D590 = {
			isa = PBXGroup;
			children = (
				7D2BCBB726D52FC00018D590 /* Stacks */,
				7D2BCBC926D52FC10018D590 /* StacksTests */,
				7D2BCBD426D52FC10018D590 /* StacksUITests */,
				7D2BCBB626D52FC00018D590 /* Products */,
			);
			sourceTree = "<group>";
		};
		7D2BCBB626D52FC00018D590 /* Products */ = {
			isa = PBXGroup;
			children = (
				7D2BCBB526D52FC00018D590 /* Stacks.app */,
				7D2BCBC626D52FC10018D590 /* StacksTests.xctest */,
				7D2BCBD126D52FC10018D590 /* StacksUITests.xctest */,
			);
			name = Products;
			sourceTree = "<group>";
		};
		7D2BCBB726D52FC00018D590 /* Stacks */ = {
			isa = PBXGroup;
			children = (
				7D2BCBB826D52FC00018D590 /* StacksApp.swift */,
				7D2BCBBA26D52FC00018D590 /* ContentView.swift */,
				7D2BCBE326D547770018D590 /* SwiftUIView.swift */,
				7D2BCBBC26D52FC10018D590 /* Assets.xcassets */,
				7D2BCBC126D52FC10018D590 /* Info.plist */,
				7D2BCBBE26D52FC10018D590 /* Preview Content */,
			);
			path = Stacks;
			sourceTree = "<group>";
		};
		7D2BCBBE26D52FC10018D590 /* Preview Content */ = {
			isa = PBXGroup;
			children = (
				7D2BCBBF26D52FC10018D590 /* Preview Assets.xcassets */,
			);
			path = "Preview Content";
			sourceTree = "<group>";
		};
		7D2BCBC926D52FC10018D590 /* StacksTests */ = {
			isa = PBXGroup;
			children = (
				7D2BCBCA26D52FC10018D590 /* StacksTests.swift */,
				7D2BCBCC26D52FC10018D590 /* Info.plist */,
			);
			path = StacksTests;
			sourceTree = "<group>";
		};
		7D2BCBD426D52FC10018D590 /* StacksUITests */ = {
			isa = PBXGroup;
			children = (
				7D2BCBD526D52FC10018D590 /* StacksUITests.swift */,
				7D2BCBD726D52FC10018D590 /* Info.plist */,
			);
			path = StacksUITests;
			sourceTree = "<group>";
		};
/* End PBXGroup section */

/* Begin PBXNativeTarget section */
		7D2BCBB426D52FC00018D590 /* Stacks */ = {
			isa = PBXNativeTarget;
			buildConfigurationList = 7D2BCBDA26D52FC10018D590 /* Build configuration list for PBXNativeTarget "Stacks" */;
			buildPhases = (
				7D2BCBB126D52FC00018D590 /* Sources */,
				7D2BCBB226D52FC00018D590 /* Frameworks */,
				7D2BCBB326D52FC00018D590 /* Resources */,
			);
			buildRules = (
			);
			dependencies = (
			);
			name = Stacks;
			productName = Stacks;
			productReference = 7D2BCBB526D52FC00018D590 /* Stacks.app */;
			productType = "com.apple.product-type.application";
		};
		7D2BCBC526D52FC10018D590 /* StacksTests */ = {
			isa = PBXNativeTarget;
			buildConfigurationList = 7D2BCBDD26D52FC10018D590 /* Build configuration list for PBXNativeTarget "StacksTests" */;
			buildPhases = (
				7D2BCBC226D52FC10018D590 /* Sources */,
				7D2BCBC326D52FC10018D590 /* Frameworks */,
				7D2BCBC426D52FC10018D590 /* Resources */,
			);
			buildRules = (
			);
			dependencies = (
				7D2BCBC826D52FC10018D590 /* PBXTargetDependency */,
			);
			name = StacksTests;
			productName = StacksTests;
			productReference = 7D2BCBC626D52FC10018D590 /* StacksTests.xctest */;
			productType = "com.apple.product-type.bundle.unit-test";
		};
		7D2BCBD026D52FC10018D590 /* StacksUITests */ = {
			isa = PBXNativeTarget;
			buildConfigurationList = 7D2BCBE026D52FC10018D590 /* Build configuration list for PBXNativeTarget "StacksUITests" */;
			buildPhases = (
				7D2BCBCD26D52FC10018D590 /* Sources */,
				7D2BCBCE26D52FC10018D590 /* Frameworks */,
				7D2BCBCF26D52FC10018D590 /* Resources */,
			);
			buildRules = (
			);
			dependencies = (
				7D2BCBD326D52FC10018D590 /* PBXTargetDependency */,
			);
			name = StacksUITests;
			productName = StacksUITests;
			productReference = 7D2BCBD126D52FC10018D590 /* StacksUITests.xctest */;
			productType = "com.apple.product-type.bundle.ui-testing";
		};
/* End PBXNativeTarget section */

/* Begin PBXProject section */
		7D2BCBAD26D52FC00018D590 /* Project object */ = {
			isa = PBXProject;
			attributes = {
				LastSwiftUpdateCheck = 1250;
				LastUpgradeCheck = 1250;
				TargetAttributes = {
					7D2BCBB426D52FC00018D590 = {
						CreatedOnToolsVersion = 12.5.1;
					};
					7D2BCBC526D52FC10018D590 = {
						CreatedOnToolsVersion = 12.5.1;
						TestTargetID = 7D2BCBB426D52FC00018D590;
					};
					7D2BCBD026D52FC10018D590 = {
						CreatedOnToolsVersion = 12.5.1;
						TestTargetID = 7D2BCBB426D52FC00018D590;
					};
				};
			};
			buildConfigurationList = 7D2BCBB026D52FC00018D590 /* Build configuration list for PBXProject "Stacks" */;
			compatibilityVersion = "Xcode 9.3";
			developmentRegion = en;
			hasScannedForEncodings = 0;
			knownRegions = (
				en,
				Base,
			);
			mainGroup = 7D2BCBAC26D52FC00018D590;
			productRefGroup = 7D2BCBB626D52FC00018D590 /* Products */;
			projectDirPath = "";
			projectRoot = "";
			targets = (
				7D2BCBB426D52FC00018D590 /* Stacks */,
				7D2BCBC526D52FC10018D590 /* StacksTests */,
				7D2BCBD026D52FC10018D590 /* StacksUITests */,
			);
		};
/* End PBXProject section */

/* Begin PBXResourcesBuildPhase section */
		7D2BCBB326D52FC00018D590 /* Resources */ = {
			isa = PBXResourcesBuildPhase;
			buildActionMask = 2147483647;
			files = (
				7D2BCBC026D52FC10018D590 /* Preview Assets.xcassets in Resources */,
				7D2BCBBD26D52FC10018D590 /* Assets.xcassets in Resources */,
			);
			runOnlyForDeploymentPostprocessing = 0;
		};
		7D2BCBC426D52FC10018D590 /* Resources */ = {
			isa = PBXResourcesBuildPhase;
			buildActionMask = 2147483647;
			files = (
			);
			runOnlyForDeploymentPostprocessing = 0;
		};
		7D2BCBCF26D52FC10018D590 /* Resources */ = {
			isa = PBXResourcesBuildPhase;
			buildActionMask = 2147483647;
			files = (
			);
			runOnlyForDeploymentPostprocessing = 0;
		};
/* End PBXResourcesBuildPhase section */

/* Begin PBXSourcesBuildPhase section */
		7D2BCBB126D52FC00018D590 /* Sources */ = {
			isa = PBXSourcesBuildPhase;
			buildActionMask = 2147483647;
			files = (
				7D2BCBBB26D52FC00018D590 /* ContentView.swift in Sources */,
				7D2BCBB926D52FC00018D590 /* StacksApp.swift in Sources */,
				7D2BCBE426D547770018D590 /* SwiftUIView.swift in Sources */,
			);
			runOnlyForDeploymentPostprocessing = 0;
		};
		7D2BCBC226D52FC10018D590 /* Sources */ = {
			isa = PBXSourcesBuildPhase;
			buildActionMask = 2147483647;
			files = (
				7D2BCBCB26D52FC10018D590 /* StacksTests.swift in Sources */,
			);
			runOnlyForDeploymentPostprocessing = 0;
		};
		7D2BCBCD26D52FC10018D590 /* Sources */ = {
			isa = PBXSourcesBuildPhase;
			buildActionMask = 2147483647;
			files = (
				7D2BCBD626D52FC10018D590 /* StacksUITests.swift in Sources */,
			);
			runOnlyForDeploymentPostprocessing = 0;
		};
/* End PBXSourcesBuildPhase section */

/* Begin PBXTargetDependency section */
		7D2BCBC826D52FC10018D590 /* PBXTargetDependency */ = {
			isa = PBXTargetDependency;
			target = 7D2BCBB426D52FC00018D590 /* Stacks */;
			targetProxy = 7D2BCBC726D52FC10018D590 /* PBXContainerItemProxy */;
		};
		7D2BCBD326D52FC10018D590 /* PBXTargetDependency */ = {
			isa = PBXTargetDependency;
			target = 7D2BCBB426D52FC00018D590 /* Stacks */;
			targetProxy = 7D2BCBD226D52FC10018D590 /* PBXContainerItemProxy */;
		};
/* End PBXTargetDependency section */

/* Begin XCBuildConfiguration section */
		7D2BCBD826D52FC10018D590 /* Debug */ = {
			isa = XCBuildConfiguration;
			buildSettings = {
				ALWAYS_SEARCH_USER_PATHS = NO;
				CLANG_ANALYZER_NONNULL = YES;
				CLANG_ANALYZER_NUMBER_OBJECT_CONVERSION = YES_AGGRESSIVE;
				CLANG_CXX_LANGUAGE_STANDARD = "gnu++14";
				CLANG_CXX_LIBRARY = "libc++";
				CLANG_ENABLE_MODULES = YES;
				CLANG_ENABLE_OBJC_ARC = YES;
				CLANG_ENABLE_OBJC_WEAK = YES;
				CLANG_WARN_BLOCK_CAPTURE_AUTORELEASING = YES;
				CLANG_WARN_BOOL_CONVERSION = YES;
				CLANG_WARN_COMMA = YES;
				CLANG_WARN_CONSTANT_CONVERSION = YES;
				CLANG_WARN_DEPRECATED_OBJC_IMPLEMENTATIONS = YES;
				CLANG_WARN_DIRECT_OBJC_ISA_USAGE = YES_ERROR;
				CLANG_WARN_DOCUMENTATION_COMMENTS = YES;
				CLANG_WARN_EMPTY_BODY = YES;
				CLANG_WARN_ENUM_CONVERSION = YES;
				CLANG_WARN_INFINITE_RECURSION = YES;
				CLANG_WARN_INT_CONVERSION = YES;
				CLANG_WARN_NON_LITERAL_NULL_CONVERSION = YES;
				CLANG_WARN_OBJC_IMPLICIT_RETAIN_SELF = YES;
				CLANG_WARN_OBJC_LITERAL_CONVERSION = YES;
				CLANG_WARN_OBJC_ROOT_CLASS = YES_ERROR;
				CLANG_WARN_QUOTED_INCLUDE_IN_FRAMEWORK_HEADER = YES;
				CLANG_WARN_RANGE_LOOP_ANALYSIS = YES;
				CLANG_WARN_STRICT_PROTOTYPES = YES;
				CLANG_WARN_SUSPICIOUS_MOVE = YES;
				CLANG_WARN_UNGUARDED_AVAILABILITY = YES_AGGRESSIVE;
				CLANG_WARN_UNREACHABLE_CODE = YES;
				CLANG_WARN__DUPLICATE_METHOD_MATCH = YES;
				COPY_PHASE_STRIP = NO;
				DEBUG_INFORMATION_FORMAT = dwarf;
				ENABLE_STRICT_OBJC_MSGSEND = YES;
				ENABLE_TESTABILITY = YES;
				GCC_C_LANGUAGE_STANDARD = gnu11;
				GCC_DYNAMIC_NO_PIC = NO;
				GCC_NO_COMMON_BLOCKS = YES;
				GCC_OPTIMIZATION_LEVEL = 0;
				GCC_PREPROCESSOR_DEFINITIONS = (
					"DEBUG=1",
					"$(inherited)",
				);
				GCC_WARN_64_TO_32_BIT_CONVERSION = YES;
				GCC_WARN_ABOUT_RETURN_TYPE = YES_ERROR;
				GCC_WARN_UNDECLARED_SELECTOR = YES;
				GCC_WARN_UNINITIALIZED_AUTOS = YES_AGGRESSIVE;
				GCC_WARN_UNUSED_FUNCTION = YES;
				GCC_WARN_UNUSED_VARIABLE = YES;
				IPHONEOS_DEPLOYMENT_TARGET = 14.5;
				MTL_ENABLE_DEBUG_INFO = INCLUDE_SOURCE;
				MTL_FAST_MATH = YES;
				ONLY_ACTIVE_ARCH = YES;
				SDKROOT = iphoneos;
				SWIFT_ACTIVE_COMPILATION_CONDITIONS = DEBUG;
				SWIFT_OPTIMIZATION_LEVEL = "-Onone";
			};
			name = Debug;
		};
		7D2BCBD926D52FC10018D590 /* Release */ = {
			isa = XCBuildConfiguration;
			buildSettings = {
				ALWAYS_SEARCH_USER_PATHS = NO;
				CLANG_ANALYZER_NONNULL = YES;
				CLANG_ANALYZER_NUMBER_OBJECT_CONVERSION = YES_AGGRESSIVE;
				CLANG_CXX_LANGUAGE_STANDARD = "gnu++14";
				CLANG_CXX_LIBRARY = "libc++";
				CLANG_ENABLE_MODULES = YES;
				CLANG_ENABLE_OBJC_ARC = YES;
				CLANG_ENABLE_OBJC_WEAK = YES;
				CLANG_WARN_BLOCK_CAPTURE_AUTORELEASING = YES;
				CLANG_WARN_BOOL_CONVERSION = YES;
				CLANG_WARN_COMMA = YES;
				CLANG_WARN_CONSTANT_CONVERSION = YES;
				CLANG_WARN_DEPRECATED_OBJC_IMPLEMENTATIONS = YES;
				CLANG_WARN_DIRECT_OBJC_ISA_USAGE = YES_ERROR;
				CLANG_WARN_DOCUMENTATION_COMMENTS = YES;
				CLANG_WARN_EMPTY_BODY = YES;
				CLANG_WARN_ENUM_CONVERSION = YES;
				CLANG_WARN_INFINITE_RECURSION = YES;
				CLANG_WARN_INT_CONVERSION = YES;
				CLANG_WARN_NON_LITERAL_NULL_CONVERSION = YES;
				CLANG_WARN_OBJC_IMPLICIT_RETAIN_SELF = YES;
				CLANG_WARN_OBJC_LITERAL_CONVERSION = YES;
				CLANG_WARN_OBJC_ROOT_CLASS = YES_ERROR;
				CLANG_WARN_QUOTED_INCLUDE_IN_FRAMEWORK_HEADER = YES;
				CLANG_WARN_RANGE_LOOP_ANALYSIS = YES;
				CLANG_WARN_STRICT_PROTOTYPES = YES;
				CLANG_WARN_SUSPICIOUS_MOVE = YES;
				CLANG_WARN_UNGUARDED_AVAILABILITY = YES_AGGRESSIVE;
				CLANG_WARN_UNREACHABLE_CODE = YES;
				CLANG_WARN__DUPLICATE_METHOD_MATCH = YES;
				COPY_PHASE_STRIP = NO;
				DEBUG_INFORMATION_FORMAT = "dwarf-with-dsym";
				ENABLE_NS_ASSERTIONS = NO;
				ENABLE_STRICT_OBJC_MSGSEND = YES;
				GCC_C_LANGUAGE_STANDARD = gnu11;
				GCC_NO_COMMON_BLOCKS = YES;
				GCC_WARN_64_TO_32_BIT_CONVERSION = YES;
				GCC_WARN_ABOUT_RETURN_TYPE = YES_ERROR;
				GCC_WARN_UNDECLARED_SELECTOR = YES;
				GCC_WARN_UNINITIALIZED_AUTOS = YES_AGGRESSIVE;
				GCC_WARN_UNUSED_FUNCTION = YES;
				GCC_WARN_UNUSED_VARIABLE = YES;
				IPHONEOS_DEPLOYMENT_TARGET = 14.5;
				MTL_ENABLE_DEBUG_INFO = NO;
				MTL_FAST_MATH = YES;
				SDKROOT = iphoneos;
				SWIFT_COMPILATION_MODE = wholemodule;
				SWIFT_OPTIMIZATION_LEVEL = "-O";
				VALIDATE_PRODUCT = YES;
			};
			name = Release;
		};
		7D2BCBDB26D52FC10018D590 /* Debug */ = {
			isa = XCBuildConfiguration;
			buildSettings = {
				ASSETCATALOG_COMPILER_APPICON_NAME = AppIcon;
				ASSETCATALOG_COMPILER_GLOBAL_ACCENT_COLOR_NAME = AccentColor;
				CODE_SIGN_STYLE = Automatic;
				DEVELOPMENT_ASSET_PATHS = "\"Stacks/Preview Content\"";
				DEVELOPMENT_TEAM = SPCK3GZ5D7;
				ENABLE_PREVIEWS = YES;
				INFOPLIST_FILE = Stacks/Info.plist;
				IPHONEOS_DEPLOYMENT_TARGET = 14.0;
				LD_RUNPATH_SEARCH_PATHS = (
					"$(inherited)",
					"@executable_path/Frameworks",
				);
				PRODUCT_BUNDLE_IDENTIFIER = swift.Stacks;
				PRODUCT_NAME = "$(TARGET_NAME)";
				SWIFT_VERSION = 5.0;
				TARGETED_DEVICE_FAMILY = "1,2";
			};
			name = Debug;
		};
		7D2BCBDC26D52FC10018D590 /* Release */ = {
			isa = XCBuildConfiguration;
			buildSettings = {
				ASSETCATALOG_COMPILER_APPICON_NAME = AppIcon;
				ASSETCATALOG_COMPILER_GLOBAL_ACCENT_COLOR_NAME = AccentColor;
				CODE_SIGN_STYLE = Automatic;
				DEVELOPMENT_ASSET_PATHS = "\"Stacks/Preview Content\"";
				DEVELOPMENT_TEAM = SPCK3GZ5D7;
				ENABLE_PREVIEWS = YES;
				INFOPLIST_FILE = Stacks/Info.plist;
				IPHONEOS_DEPLOYMENT_TARGET = 14.0;
				LD_RUNPATH_SEARCH_PATHS = (
					"$(inherited)",
					"@executable_path/Frameworks",
				);
				PRODUCT_BUNDLE_IDENTIFIER = swift.Stacks;
				PRODUCT_NAME = "$(TARGET_NAME)";
				SWIFT_VERSION = 5.0;
				TARGETED_DEVICE_FAMILY = "1,2";
			};
			name = Release;
		};
		7D2BCBDE26D52FC10018D590 /* Debug */ = {
			isa = XCBuildConfiguration;
			buildSettings = {
				ALWAYS_EMBED_SWIFT_STANDARD_LIBRARIES = YES;
				BUNDLE_LOADER = "$(TEST_HOST)";
				CODE_SIGN_STYLE = Automatic;
				DEVELOPMENT_TEAM = SPCK3GZ5D7;
				INFOPLIST_FILE = StacksTests/Info.plist;
				IPHONEOS_DEPLOYMENT_TARGET = 14.0;
				LD_RUNPATH_SEARCH_PATHS = (
					"$(inherited)",
					"@executable_path/Frameworks",
					"@loader_path/Frameworks",
				);
				PRODUCT_BUNDLE_IDENTIFIER = swift.StacksTests;
				PRODUCT_NAME = "$(TARGET_NAME)";
				SWIFT_VERSION = 5.0;
				TARGETED_DEVICE_FAMILY = "1,2";
				TEST_HOST = "$(BUILT_PRODUCTS_DIR)/Stacks.app/Stacks";
			};
			name = Debug;
		};
		7D2BCBDF26D52FC10018D590 /* Release */ = {
			isa = XCBuildConfiguration;
			buildSettings = {
				ALWAYS_EMBED_SWIFT_STANDARD_LIBRARIES = YES;
				BUNDLE_LOADER = "$(TEST_HOST)";
				CODE_SIGN_STYLE = Automatic;
				DEVELOPMENT_TEAM = SPCK3GZ5D7;
				INFOPLIST_FILE = StacksTests/Info.plist;
				IPHONEOS_DEPLOYMENT_TARGET = 14.0;
				LD_RUNPATH_SEARCH_PATHS = (
					"$(inherited)",
					"@executable_path/Frameworks",
					"@loader_path/Frameworks",
				);
				PRODUCT_BUNDLE_IDENTIFIER = swift.StacksTests;
				PRODUCT_NAME = "$(TARGET_NAME)";
				SWIFT_VERSION = 5.0;
				TARGETED_DEVICE_FAMILY = "1,2";
				TEST_HOST = "$(BUILT_PRODUCTS_DIR)/Stacks.app/Stacks";
			};
			name = Release;
		};
		7D2BCBE126D52FC10018D590 /* Debug */ = {
			isa = XCBuildConfiguration;
			buildSettings = {
				ALWAYS_EMBED_SWIFT_STANDARD_LIBRARIES = YES;
				CODE_SIGN_STYLE = Automatic;
				DEVELOPMENT_TEAM = SPCK3GZ5D7;
				INFOPLIST_FILE = StacksUITests/Info.plist;
				LD_RUNPATH_SEARCH_PATHS = (
					"$(inherited)",
					"@executable_path/Frameworks",
					"@loader_path/Frameworks",
				);
				PRODUCT_BUNDLE_IDENTIFIER = swift.StacksUITests;
				PRODUCT_NAME = "$(TARGET_NAME)";
				SWIFT_VERSION = 5.0;
				TARGETED_DEVICE_FAMILY = "1,2";
				TEST_TARGET_NAME = Stacks;
			};
			name = Debug;
		};
		7D2BCBE226D52FC10018D590 /* Release */ = {
			isa = XCBuildConfiguration;
			buildSettings = {
				ALWAYS_EMBED_SWIFT_STANDARD_LIBRARIES = YES;
				CODE_SIGN_STYLE = Automatic;
				DEVELOPMENT_TEAM = SPCK3GZ5D7;
				INFOPLIST_FILE = StacksUITests/Info.plist;
				LD_RUNPATH_SEARCH_PATHS = (
					"$(inherited)",
					"@executable_path/Frameworks",
					"@loader_path/Frameworks",
				);
				PRODUCT_BUNDLE_IDENTIFIER = swift.StacksUITests;
				PRODUCT_NAME = "$(TARGET_NAME)";
				SWIFT_VERSION = 5.0;
				TARGETED_DEVICE_FAMILY = "1,2";
				TEST_TARGET_NAME = Stacks;
			};
			name = Release;
		};
/* End XCBuildConfiguration section */

/* Begin XCConfigurationList section */
		7D2BCBB026D52FC00018D590 /* Build configuration list for PBXProject "Stacks" */ = {
			isa = XCConfigurationList;
			buildConfigurations = (
				7D2BCBD826D52FC10018D590 /* Debug */,
				7D2BCBD926D52FC10018D590 /* Release */,
			);
			defaultConfigurationIsVisible = 0;
			defaultConfigurationName = Release;
		};
		7D2BCBDA26D52FC10018D590 /* Build configuration list for PBXNativeTarget "Stacks" */ = {
			isa = XCConfigurationList;
			buildConfigurations = (
				7D2BCBDB26D52FC10018D590 /* Debug */,
				7D2BCBDC26D52FC10018D590 /* Release */,
			);
			defaultConfigurationIsVisible = 0;
			defaultConfigurationName = Release;
		};
		7D2BCBDD26D52FC10018D590 /* Build configuration list for PBXNativeTarget "StacksTests" */ = {
			isa = XCConfigurationList;
			buildConfigurations = (
				7D2BCBDE26D52FC10018D590 /* Debug */,
				7D2BCBDF26D52FC10018D590 /* Release */,
			);
			defaultConfigurationIsVisible = 0;
			defaultConfigurationName = Release;
		};
		7D2BCBE026D52FC10018D590 /* Build configuration list for PBXNativeTarget "StacksUITests" */ = {
			isa = XCConfigurationList;
			buildConfigurations = (
				7D2BCBE126D52FC10018D590 /* Debug */,
				7D2BCBE226D52FC10018D590 /* Release */,
			);
			defaultConfigurationIsVisible = 0;
			defaultConfigurationName = Release;
		};
/* End XCConfigurationList section */
	};
	rootObject = 7D2BCBAD26D52FC00018D590 /* Project object */;
}
